
Microsoft Visual Studio Solution File, Format Version 12.00
# Visual Studio Version 18
VisualStudioVersion = 18.2.11415.280
MinimumVisualStudioVersion = 10.0.40219.1
Project("{9A19103F-16F7-4668-BE54-9A1E7A4F7556}") = "Shared", "Shared\Shared.csproj", "{8EA38CC7-6A19-4835-B136-506A11EF473D}"
EndProject
Project("{2150E333-8FDC-42A3-9474-1A3956D46DE8}") = "ZeroToFistAgent", "ZeroToFistAgent", "{02EA681E-C7D8-13C7-8484-4AC65E1B71E8}"
EndProject
Project("{9A19103F-16F7-4668-BE54-9A1E7A4F7556}") = "ZeroToFirstAgent.AzureOpenAi", "ZeroToFirstAgent.AzureOpenAi\ZeroToFirstAgent.AzureOpenAi.csproj", "{EAE4DD25-164F-4C58-9C4F-CAF43C473BFC}"
EndProject
Project("{9A19103F-16F7-4668-BE54-9A1E7A4F7556}") = "ZeroToFirstAgent.OpenAI", "ZeroToFirstAgent.OpenAI\ZeroToFirstAgent.OpenAI.csproj", "{6F0D521B-F9F0-45EA-8781-6268FBEC57EC}"
EndProject
Project("{2150E333-8FDC-42A3-9474-1A3956D46DE8}") = "OpenAi.Based", "OpenAi.Based", "{3ABEE41E-F392-493A-9082-60B38F383AAB}"
EndProject
Project("{9A19103F-16F7-4668-BE54-9A1E7A4F7556}") = "ZeroToFirstAgent.AzureAIFoundry", "ZeroToFirstAgent.AzureAIFoundry\ZeroToFirstAgent.AzureAIFoundry.csproj", "{2D042CB7-85AE-4198-BDED-C96DDF182EC1}"
EndProject
Project("{9A19103F-16F7-4668-BE54-9A1E7A4F7556}") = "ZeroToFirstAgent.XAIGrok", "ZeroToFirstAgent.XAIGrok\ZeroToFirstAgent.XAIGrok.csproj", "{33138CD6-6EF2-449A-8195-393DADC59753}"
EndProject
Project("{2150E333-8FDC-42A3-9474-1A3956D46DE8}") = "Non.OpenAi Based", "Non.OpenAi Based", "{405C71A6-06D6-4129-BFE4-C132D631E5FA}"
EndProject
Project("{9A19103F-16F7-4668-BE54-9A1E7A4F7556}") = "ZeroToFirstAgent.GoogleGemini", "ZeroToFirstAgent.GoogleGemini\ZeroToFirstAgent.GoogleGemini.csproj", "{880411FA-B631-4550-A7B1-F454D9E8C1C0}"
EndProject
Project("{9A19103F-16F7-4668-BE54-9A1E7A4F7556}") = "ZeroToFirstAgent.AntrhopicClaude", "ZeroToFirstAgent.AntrhopicClaude\ZeroToFirstAgent.AntrhopicClaude.csproj", "{15AB8C2D-C99F-410C-BED4-9F738EC8CBD7}"
EndProject
Project("{2150E333-8FDC-42A3-9474-1A3956D46DE8}") = "Offline", "Offline", "{85201CAF-4FE0-495D-B7C0-FF1C58F111AF}"
EndProject
Project("{9A19103F-16F7-4668-BE54-9A1E7A4F7556}") = "ZeroToFirstAgent.Olama", "ZeroToFirstAgent.Olama\ZeroToFirstAgent.Olama.csproj", "{A02F82C3-6B20-4745-BD17-F5CE54B731D3}"
EndProject
Project("{9A19103F-16F7-4668-BE54-9A1E7A4F7556}") = "ZeroToFirstAgent.FoundyLocal", "ZeroToFirstAgent.FoundyLocal\ZeroToFirstAgent.FoundyLocal.csproj", "{CB2C5AAD-13DB-41A0-ADFE-404FF9518518}"
EndProject
Project("{2150E333-8FDC-42A3-9474-1A3956D46DE8}") = "Features", "Features", "{FD9450F9-A7E3-442B-9D73-3A6CB83E0930}"
EndProject
Project("{9A19103F-16F7-4668-BE54-9A1E7A4F7556}") = "TokenUsage", "TokenUsage\TokenUsage.csproj", "{2D9C1D7C-4A7B-49FA-B125-D2F4E4DBCE9B}"
EndProject
Project("{2150E333-8FDC-42A3-9474-1A3956D46DE8}") = "SettingAndConfiguration", "SettingAndConfiguration", "{77078A4E-EF97-4144-B280-EEF5890A0DB1}"
EndProject
Project("{9A19103F-16F7-4668-BE54-9A1E7A4F7556}") = "DependencyInjection", "DependencyInjection\DependencyInjection.csproj", "{93FAEEEE-4155-44AA-BB4A-F527710CBAB8}"
EndProject
Project("{9A19103F-16F7-4668-BE54-9A1E7A4F7556}") = "ConversationThreads", "ConversationThreads\ConversationThreads.csproj", "{850BA702-313F-455C-92EF-C5CCE31FD19B}"
EndProject
Project("{FAE04EC0-301F-11D3-BF4B-00C04F79EFBC}") = "ToolCalling.Advanced", "ToolCalling.Advanced\ToolCalling.Advanced.csproj", "{B8F4488E-08B6-4308-8569-37AC898C9551}"
EndProject
Project("{2150E333-8FDC-42A3-9474-1A3956D46DE8}") = "ToolCaling", "ToolCaling", "{AE0C91B3-F97F-4EF0-ACD3-8EEE349614FB}"
EndProject
Project("{FAE04EC0-301F-11D3-BF4B-00C04F79EFBC}") = "ToolCalling.FromAnMcpServer", "ToolCalling.FromAnMcpServer\ToolCalling.FromAnMcpServer.csproj", "{59F286DC-32A9-4549-82C9-F2993C579BC3}"
EndProject
Project("{FAE04EC0-301F-11D3-BF4B-00C04F79EFBC}") = "StructuredOutput", "StructuredOutput\StructuredOutput.csproj", "{4C40A563-F9AA-4B87-98BD-FECD5572370A}"
EndProject
Global
	GlobalSection(SolutionConfigurationPlatforms) = preSolution
		Debug|Any CPU = Debug|Any CPU
		Release|Any CPU = Release|Any CPU
	EndGlobalSection
	GlobalSection(ProjectConfigurationPlatforms) = postSolution
		{8EA38CC7-6A19-4835-B136-506A11EF473D}.Debug|Any CPU.ActiveCfg = Debug|Any CPU
		{8EA38CC7-6A19-4835-B136-506A11EF473D}.Debug|Any CPU.Build.0 = Debug|Any CPU
		{8EA38CC7-6A19-4835-B136-506A11EF473D}.Release|Any CPU.ActiveCfg = Release|Any CPU
		{8EA38CC7-6A19-4835-B136-506A11EF473D}.Release|Any CPU.Build.0 = Release|Any CPU
		{EAE4DD25-164F-4C58-9C4F-CAF43C473BFC}.Debug|Any CPU.ActiveCfg = Debug|Any CPU
		{EAE4DD25-164F-4C58-9C4F-CAF43C473BFC}.Debug|Any CPU.Build.0 = Debug|Any CPU
		{EAE4DD25-164F-4C58-9C4F-CAF43C473BFC}.Release|Any CPU.ActiveCfg = Release|Any CPU
		{EAE4DD25-164F-4C58-9C4F-CAF43C473BFC}.Release|Any CPU.Build.0 = Release|Any CPU
		{6F0D521B-F9F0-45EA-8781-6268FBEC57EC}.Debug|Any CPU.ActiveCfg = Debug|Any CPU
		{6F0D521B-F9F0-45EA-8781-6268FBEC57EC}.Debug|Any CPU.Build.0 = Debug|Any CPU
		{6F0D521B-F9F0-45EA-8781-6268FBEC57EC}.Release|Any CPU.ActiveCfg = Release|Any CPU
		{6F0D521B-F9F0-45EA-8781-6268FBEC57EC}.Release|Any CPU.Build.0 = Release|Any CPU
		{2D042CB7-85AE-4198-BDED-C96DDF182EC1}.Debug|Any CPU.ActiveCfg = Debug|Any CPU
		{2D042CB7-85AE-4198-BDED-C96DDF182EC1}.Debug|Any CPU.Build.0 = Debug|Any CPU
		{2D042CB7-85AE-4198-BDED-C96DDF182EC1}.Release|Any CPU.ActiveCfg = Release|Any CPU
		{2D042CB7-85AE-4198-BDED-C96DDF182EC1}.Release|Any CPU.Build.0 = Release|Any CPU
		{33138CD6-6EF2-449A-8195-393DADC59753}.Debug|Any CPU.ActiveCfg = Debug|Any CPU
		{33138CD6-6EF2-449A-8195-393DADC59753}.Debug|Any CPU.Build.0 = Debug|Any CPU
		{33138CD6-6EF2-449A-8195-393DADC59753}.Release|Any CPU.ActiveCfg = Release|Any CPU
		{33138CD6-6EF2-449A-8195-393DADC59753}.Release|Any CPU.Build.0 = Release|Any CPU
		{880411FA-B631-4550-A7B1-F454D9E8C1C0}.Debug|Any CPU.ActiveCfg = Debug|Any CPU
		{880411FA-B631-4550-A7B1-F454D9E8C1C0}.Debug|Any CPU.Build.0 = Debug|Any CPU
		{880411FA-B631-4550-A7B1-F454D9E8C1C0}.Release|Any CPU.ActiveCfg = Release|Any CPU
		{880411FA-B631-4550-A7B1-F454D9E8C1C0}.Release|Any CPU.Build.0 = Release|Any CPU
		{15AB8C2D-C99F-410C-BED4-9F738EC8CBD7}.Debug|Any CPU.ActiveCfg = Debug|Any CPU
		{15AB8C2D-C99F-410C-BED4-9F738EC8CBD7}.Debug|Any CPU.Build.0 = Debug|Any CPU
		{15AB8C2D-C99F-410C-BED4-9F738EC8CBD7}.Release|Any CPU.ActiveCfg = Release|Any CPU
		{15AB8C2D-C99F-410C-BED4-9F738EC8CBD7}.Release|Any CPU.Build.0 = Release|Any CPU
		{A02F82C3-6B20-4745-BD17-F5CE54B731D3}.Debug|Any CPU.ActiveCfg = Debug|Any CPU
		{A02F82C3-6B20-4745-BD17-F5CE54B731D3}.Debug|Any CPU.Build.0 = Debug|Any CPU
		{A02F82C3-6B20-4745-BD17-F5CE54B731D3}.Release|Any CPU.ActiveCfg = Release|Any CPU
		{A02F82C3-6B20-4745-BD17-F5CE54B731D3}.Release|Any CPU.Build.0 = Release|Any CPU
		{CB2C5AAD-13DB-41A0-ADFE-404FF9518518}.Debug|Any CPU.ActiveCfg = Debug|Any CPU
		{CB2C5AAD-13DB-41A0-ADFE-404FF9518518}.Debug|Any CPU.Build.0 = Debug|Any CPU
		{CB2C5AAD-13DB-41A0-ADFE-404FF9518518}.Release|Any CPU.ActiveCfg = Release|Any CPU
		{CB2C5AAD-13DB-41A0-ADFE-404FF9518518}.Release|Any CPU.Build.0 = Release|Any CPU
		{2D9C1D7C-4A7B-49FA-B125-D2F4E4DBCE9B}.Debug|Any CPU.ActiveCfg = Debug|Any CPU
		{2D9C1D7C-4A7B-49FA-B125-D2F4E4DBCE9B}.Debug|Any CPU.Build.0 = Debug|Any CPU
		{2D9C1D7C-4A7B-49FA-B125-D2F4E4DBCE9B}.Release|Any CPU.ActiveCfg = Release|Any CPU
		{2D9C1D7C-4A7B-49FA-B125-D2F4E4DBCE9B}.Release|Any CPU.Build.0 = Release|Any CPU
		{93FAEEEE-4155-44AA-BB4A-F527710CBAB8}.Debug|Any CPU.ActiveCfg = Debug|Any CPU
		{93FAEEEE-4155-44AA-BB4A-F527710CBAB8}.Debug|Any CPU.Build.0 = Debug|Any CPU
		{93FAEEEE-4155-44AA-BB4A-F527710CBAB8}.Release|Any CPU.ActiveCfg = Release|Any CPU
		{93FAEEEE-4155-44AA-BB4A-F527710CBAB8}.Release|Any CPU.Build.0 = Release|Any CPU
		{850BA702-313F-455C-92EF-C5CCE31FD19B}.Debug|Any CPU.ActiveCfg = Debug|Any CPU
		{850BA702-313F-455C-92EF-C5CCE31FD19B}.Debug|Any CPU.Build.0 = Debug|Any CPU
		{850BA702-313F-455C-92EF-C5CCE31FD19B}.Release|Any CPU.ActiveCfg = Release|Any CPU
		{850BA702-313F-455C-92EF-C5CCE31FD19B}.Release|Any CPU.Build.0 = Release|Any CPU
		{B8F4488E-08B6-4308-8569-37AC898C9551}.Debug|Any CPU.ActiveCfg = Debug|Any CPU
		{B8F4488E-08B6-4308-8569-37AC898C9551}.Debug|Any CPU.Build.0 = Debug|Any CPU
		{B8F4488E-08B6-4308-8569-37AC898C9551}.Release|Any CPU.ActiveCfg = Release|Any CPU
		{B8F4488E-08B6-4308-8569-37AC898C9551}.Release|Any CPU.Build.0 = Release|Any CPU
		{59F286DC-32A9-4549-82C9-F2993C579BC3}.Debug|Any CPU.ActiveCfg = Debug|Any CPU
		{59F286DC-32A9-4549-82C9-F2993C579BC3}.Debug|Any CPU.Build.0 = Debug|Any CPU
		{59F286DC-32A9-4549-82C9-F2993C579BC3}.Release|Any CPU.ActiveCfg = Release|Any CPU
		{59F286DC-32A9-4549-82C9-F2993C579BC3}.Release|Any CPU.Build.0 = Release|Any CPU
		{4C40A563-F9AA-4B87-98BD-FECD5572370A}.Debug|Any CPU.ActiveCfg = Debug|Any CPU
		{4C40A563-F9AA-4B87-98BD-FECD5572370A}.Debug|Any CPU.Build.0 = Debug|Any CPU
		{4C40A563-F9AA-4B87-98BD-FECD5572370A}.Release|Any CPU.ActiveCfg = Release|Any CPU
		{4C40A563-F9AA-4B87-98BD-FECD5572370A}.Release|Any CPU.Build.0 = Release|Any CPU
	EndGlobalSection
	GlobalSection(SolutionProperties) = preSolution
		HideSolutionNode = FALSE
	EndGlobalSection
	GlobalSection(NestedProjects) = preSolution
		{EAE4DD25-164F-4C58-9C4F-CAF43C473BFC} = {3ABEE41E-F392-493A-9082-60B38F383AAB}
		{6F0D521B-F9F0-45EA-8781-6268FBEC57EC} = {3ABEE41E-F392-493A-9082-60B38F383AAB}
		{3ABEE41E-F392-493A-9082-60B38F383AAB} = {02EA681E-C7D8-13C7-8484-4AC65E1B71E8}
		{2D042CB7-85AE-4198-BDED-C96DDF182EC1} = {3ABEE41E-F392-493A-9082-60B38F383AAB}
		{33138CD6-6EF2-449A-8195-393DADC59753} = {3ABEE41E-F392-493A-9082-60B38F383AAB}
		{405C71A6-06D6-4129-BFE4-C132D631E5FA} = {02EA681E-C7D8-13C7-8484-4AC65E1B71E8}
		{880411FA-B631-4550-A7B1-F454D9E8C1C0} = {405C71A6-06D6-4129-BFE4-C132D631E5FA}
		{15AB8C2D-C99F-410C-BED4-9F738EC8CBD7} = {405C71A6-06D6-4129-BFE4-C132D631E5FA}
		{85201CAF-4FE0-495D-B7C0-FF1C58F111AF} = {405C71A6-06D6-4129-BFE4-C132D631E5FA}
		{A02F82C3-6B20-4745-BD17-F5CE54B731D3} = {85201CAF-4FE0-495D-B7C0-FF1C58F111AF}
		{CB2C5AAD-13DB-41A0-ADFE-404FF9518518} = {85201CAF-4FE0-495D-B7C0-FF1C58F111AF}
		{2D9C1D7C-4A7B-49FA-B125-D2F4E4DBCE9B} = {AE0C91B3-F97F-4EF0-ACD3-8EEE349614FB}
		{93FAEEEE-4155-44AA-BB4A-F527710CBAB8} = {77078A4E-EF97-4144-B280-EEF5890A0DB1}
		{850BA702-313F-455C-92EF-C5CCE31FD19B} = {AE0C91B3-F97F-4EF0-ACD3-8EEE349614FB}
		{B8F4488E-08B6-4308-8569-37AC898C9551} = {AE0C91B3-F97F-4EF0-ACD3-8EEE349614FB}
		{AE0C91B3-F97F-4EF0-ACD3-8EEE349614FB} = {FD9450F9-A7E3-442B-9D73-3A6CB83E0930}
		{59F286DC-32A9-4549-82C9-F2993C579BC3} = {AE0C91B3-F97F-4EF0-ACD3-8EEE349614FB}
		{4C40A563-F9AA-4B87-98BD-FECD5572370A} = {FD9450F9-A7E3-442B-9D73-3A6CB83E0930}
	EndGlobalSection
	GlobalSection(ExtensibilityGlobals) = postSolution
		SolutionGuid = {353A0016-E834-4AE0-BFFB-4C0FC763879C}
	EndGlobalSection
EndGlobal
