
Microsoft Visual Studio Solution File, Format Version 12.00
# Visual Studio Version 17
VisualStudioVersion = 17.14.36310.24
MinimumVisualStudioVersion = 10.0.40219.1
Project("{FAE04EC0-301F-11D3-BF4B-00C04F79EFBC}") = "Shared", "Shared\Shared.csproj", "{8EA38CC7-6A19-4835-B136-506A11EF473D}"
EndProject
Project("{2150E333-8FDC-42A3-9474-1A3956D46DE8}") = "ZeroToFistAgent", "ZeroToFistAgent", "{02EA681E-C7D8-13C7-8484-4AC65E1B71E8}"
EndProject
Project("{FAE04EC0-301F-11D3-BF4B-00C04F79EFBC}") = "ZeroToFirstAgent.AzureOpenAi", "ZeroToFirstAgent.AzureOpenAi\ZeroToFirstAgent.AzureOpenAi.csproj", "{EAE4DD25-164F-4C58-9C4F-CAF43C473BFC}"
EndProject
Project("{FAE04EC0-301F-11D3-BF4B-00C04F79EFBC}") = "ZeroToFirstAgent.OpenAI", "ZeroToFirstAgent.OpenAI\ZeroToFirstAgent.OpenAI.csproj", "{6F0D521B-F9F0-45EA-8781-6268FBEC57EC}"
EndProject
Project("{2150E333-8FDC-42A3-9474-1A3956D46DE8}") = "OpenAi.Based", "OpenAi.Based", "{3ABEE41E-F392-493A-9082-60B38F383AAB}"
EndProject
Project("{FAE04EC0-301F-11D3-BF4B-00C04F79EFBC}") = "ZeroToFirstAgent.AzureAIFoundry", "ZeroToFirstAgent.AzureAIFoundry\ZeroToFirstAgent.AzureAIFoundry.csproj", "{2D042CB7-85AE-4198-BDED-C96DDF182EC1}"
EndProject
Project("{FAE04EC0-301F-11D3-BF4B-00C04F79EFBC}") = "ZeroToFirstAgent.XAIGrok", "ZeroToFirstAgent.XAIGrok\ZeroToFirstAgent.XAIGrok.csproj", "{33138CD6-6EF2-449A-8195-393DADC59753}"
EndProject
Project("{2150E333-8FDC-42A3-9474-1A3956D46DE8}") = "Non.OpenAi Based", "Non.OpenAi Based", "{405C71A6-06D6-4129-BFE4-C132D631E5FA}"
EndProject
Project("{FAE04EC0-301F-11D3-BF4B-00C04F79EFBC}") = "ZeroToFirstAgent.GoogleGemini", "ZeroToFirstAgent.GoogleGemini\ZeroToFirstAgent.GoogleGemini.csproj", "{880411FA-B631-4550-A7B1-F454D9E8C1C0}"
EndProject
Project("{FAE04EC0-301F-11D3-BF4B-00C04F79EFBC}") = "ZeroToFirstAgent.AntrhopicClaude", "ZeroToFirstAgent.AntrhopicClaude\ZeroToFirstAgent.AntrhopicClaude.csproj", "{15AB8C2D-C99F-410C-BED4-9F738EC8CBD7}"
EndProject
Project("{2150E333-8FDC-42A3-9474-1A3956D46DE8}") = "Offline", "Offline", "{85201CAF-4FE0-495D-B7C0-FF1C58F111AF}"
EndProject
Project("{FAE04EC0-301F-11D3-BF4B-00C04F79EFBC}") = "ZeroToFirstAgent.Olama", "ZeroToFirstAgent.Olama\ZeroToFirstAgent.Olama.csproj", "{A02F82C3-6B20-4745-BD17-F5CE54B731D3}"
EndProject
Project("{FAE04EC0-301F-11D3-BF4B-00C04F79EFBC}") = "ZeroToFirstAgent.FoundyLocal", "ZeroToFirstAgent.FoundyLocal\ZeroToFirstAgent.FoundyLocal.csproj", "{CB2C5AAD-13DB-41A0-ADFE-404FF9518518}"
EndProject
Global
	GlobalSection(SolutionConfigurationPlatforms) = preSolution
		Debug|Any CPU = Debug|Any CPU
		Release|Any CPU = Release|Any CPU
	EndGlobalSection
	GlobalSection(ProjectConfigurationPlatforms) = postSolution
		{8EA38CC7-6A19-4835-B136-506A11EF473D}.Debug|Any CPU.ActiveCfg = Debug|Any CPU
		{8EA38CC7-6A19-4835-B136-506A11EF473D}.Debug|Any CPU.Build.0 = Debug|Any CPU
		{8EA38CC7-6A19-4835-B136-506A11EF473D}.Release|Any CPU.ActiveCfg = Release|Any CPU
		{8EA38CC7-6A19-4835-B136-506A11EF473D}.Release|Any CPU.Build.0 = Release|Any CPU
		{EAE4DD25-164F-4C58-9C4F-CAF43C473BFC}.Debug|Any CPU.ActiveCfg = Debug|Any CPU
		{EAE4DD25-164F-4C58-9C4F-CAF43C473BFC}.Debug|Any CPU.Build.0 = Debug|Any CPU
		{EAE4DD25-164F-4C58-9C4F-CAF43C473BFC}.Release|Any CPU.ActiveCfg = Release|Any CPU
		{EAE4DD25-164F-4C58-9C4F-CAF43C473BFC}.Release|Any CPU.Build.0 = Release|Any CPU
		{6F0D521B-F9F0-45EA-8781-6268FBEC57EC}.Debug|Any CPU.ActiveCfg = Debug|Any CPU
		{6F0D521B-F9F0-45EA-8781-6268FBEC57EC}.Debug|Any CPU.Build.0 = Debug|Any CPU
		{6F0D521B-F9F0-45EA-8781-6268FBEC57EC}.Release|Any CPU.ActiveCfg = Release|Any CPU
		{6F0D521B-F9F0-45EA-8781-6268FBEC57EC}.Release|Any CPU.Build.0 = Release|Any CPU
		{2D042CB7-85AE-4198-BDED-C96DDF182EC1}.Debug|Any CPU.ActiveCfg = Debug|Any CPU
		{2D042CB7-85AE-4198-BDED-C96DDF182EC1}.Debug|Any CPU.Build.0 = Debug|Any CPU
		{2D042CB7-85AE-4198-BDED-C96DDF182EC1}.Release|Any CPU.ActiveCfg = Release|Any CPU
		{2D042CB7-85AE-4198-BDED-C96DDF182EC1}.Release|Any CPU.Build.0 = Release|Any CPU
		{33138CD6-6EF2-449A-8195-393DADC59753}.Debug|Any CPU.ActiveCfg = Debug|Any CPU
		{33138CD6-6EF2-449A-8195-393DADC59753}.Debug|Any CPU.Build.0 = Debug|Any CPU
		{33138CD6-6EF2-449A-8195-393DADC59753}.Release|Any CPU.ActiveCfg = Release|Any CPU
		{33138CD6-6EF2-449A-8195-393DADC59753}.Release|Any CPU.Build.0 = Release|Any CPU
		{880411FA-B631-4550-A7B1-F454D9E8C1C0}.Debug|Any CPU.ActiveCfg = Debug|Any CPU
		{880411FA-B631-4550-A7B1-F454D9E8C1C0}.Debug|Any CPU.Build.0 = Debug|Any CPU
		{880411FA-B631-4550-A7B1-F454D9E8C1C0}.Release|Any CPU.ActiveCfg = Release|Any CPU
		{880411FA-B631-4550-A7B1-F454D9E8C1C0}.Release|Any CPU.Build.0 = Release|Any CPU
		{15AB8C2D-C99F-410C-BED4-9F738EC8CBD7}.Debug|Any CPU.ActiveCfg = Debug|Any CPU
		{15AB8C2D-C99F-410C-BED4-9F738EC8CBD7}.Debug|Any CPU.Build.0 = Debug|Any CPU
		{15AB8C2D-C99F-410C-BED4-9F738EC8CBD7}.Release|Any CPU.ActiveCfg = Release|Any CPU
		{15AB8C2D-C99F-410C-BED4-9F738EC8CBD7}.Release|Any CPU.Build.0 = Release|Any CPU
		{A02F82C3-6B20-4745-BD17-F5CE54B731D3}.Debug|Any CPU.ActiveCfg = Debug|Any CPU
		{A02F82C3-6B20-4745-BD17-F5CE54B731D3}.Debug|Any CPU.Build.0 = Debug|Any CPU
		{A02F82C3-6B20-4745-BD17-F5CE54B731D3}.Release|Any CPU.ActiveCfg = Release|Any CPU
		{A02F82C3-6B20-4745-BD17-F5CE54B731D3}.Release|Any CPU.Build.0 = Release|Any CPU
		{CB2C5AAD-13DB-41A0-ADFE-404FF9518518}.Debug|Any CPU.ActiveCfg = Debug|Any CPU
		{CB2C5AAD-13DB-41A0-ADFE-404FF9518518}.Debug|Any CPU.Build.0 = Debug|Any CPU
		{CB2C5AAD-13DB-41A0-ADFE-404FF9518518}.Release|Any CPU.ActiveCfg = Release|Any CPU
		{CB2C5AAD-13DB-41A0-ADFE-404FF9518518}.Release|Any CPU.Build.0 = Release|Any CPU
	EndGlobalSection
	GlobalSection(SolutionProperties) = preSolution
		HideSolutionNode = FALSE
	EndGlobalSection
	GlobalSection(NestedProjects) = preSolution
		{EAE4DD25-164F-4C58-9C4F-CAF43C473BFC} = {3ABEE41E-F392-493A-9082-60B38F383AAB}
		{6F0D521B-F9F0-45EA-8781-6268FBEC57EC} = {3ABEE41E-F392-493A-9082-60B38F383AAB}
		{3ABEE41E-F392-493A-9082-60B38F383AAB} = {02EA681E-C7D8-13C7-8484-4AC65E1B71E8}
		{2D042CB7-85AE-4198-BDED-C96DDF182EC1} = {3ABEE41E-F392-493A-9082-60B38F383AAB}
		{33138CD6-6EF2-449A-8195-393DADC59753} = {3ABEE41E-F392-493A-9082-60B38F383AAB}
		{405C71A6-06D6-4129-BFE4-C132D631E5FA} = {02EA681E-C7D8-13C7-8484-4AC65E1B71E8}
		{880411FA-B631-4550-A7B1-F454D9E8C1C0} = {405C71A6-06D6-4129-BFE4-C132D631E5FA}
		{15AB8C2D-C99F-410C-BED4-9F738EC8CBD7} = {405C71A6-06D6-4129-BFE4-C132D631E5FA}
		{85201CAF-4FE0-495D-B7C0-FF1C58F111AF} = {405C71A6-06D6-4129-BFE4-C132D631E5FA}
		{A02F82C3-6B20-4745-BD17-F5CE54B731D3} = {85201CAF-4FE0-495D-B7C0-FF1C58F111AF}
		{CB2C5AAD-13DB-41A0-ADFE-404FF9518518} = {85201CAF-4FE0-495D-B7C0-FF1C58F111AF}
	EndGlobalSection
	GlobalSection(ExtensibilityGlobals) = postSolution
		SolutionGuid = {353A0016-E834-4AE0-BFFB-4C0FC763879C}
	EndGlobalSection
EndGlobal
